
Microsoft Visual Studio Solution File, Format Version 12.00
# Visual Studio Version 16
VisualStudioVersion = 16.0.29519.181
MinimumVisualStudioVersion = 10.0.40219.1
Project("{FAE04EC0-301F-11D3-BF4B-00C04F79EFBC}") = "ExpensesTrackerAPI", "ExpensesTrackerAPI.csproj", "{0AF5CCF2-FC9A-4960-A24A-BE28567F4EC4}"
EndProject
Global
	GlobalSection(SolutionConfigurationPlatforms) = preSolution
		Debug|Any CPU = Debug|Any CPU
		Release|Any CPU = Release|Any CPU
	EndGlobalSection
	GlobalSection(ProjectConfigurationPlatforms) = postSolution
		{0AF5CCF2-FC9A-4960-A24A-BE28567F4EC4}.Debug|Any CPU.ActiveCfg = Debug|Any CPU
		{0AF5CCF2-FC9A-4960-A24A-BE28567F4EC4}.Debug|Any CPU.Build.0 = Debug|Any CPU
		{0AF5CCF2-FC9A-4960-A24A-BE28567F4EC4}.Release|Any CPU.ActiveCfg = Release|Any CPU
		{0AF5CCF2-FC9A-4960-A24A-BE28567F4EC4}.Release|Any CPU.Build.0 = Release|Any CPU
	EndGlobalSection
	GlobalSection(SolutionProperties) = preSolution
		HideSolutionNode = FALSE
	EndGlobalSection
	GlobalSection(ExtensibilityGlobals) = postSolution
		SolutionGuid = {8443DFA7-CA4B-4FC4-909D-1C98D3FD5A18}
	EndGlobalSection
EndGlobal
